
Microsoft Visual Studio Solution File, Format Version 12.00
# Visual Studio 15
VisualStudioVersion = 15.0.26124.0
MinimumVisualStudioVersion = 15.0.26124.0
Project("{FAE04EC0-301F-11D3-BF4B-00C04F79EFBC}") = "DefiLinkEmulator_CommonLibs", "DefiLinkEmulator_CommonLibs\DefiLinkEmulator_CommonLibs.csproj", "{E9130ADA-88B8-433F-A9E6-80876CA9FE2C}"
EndProject
Project("{FAE04EC0-301F-11D3-BF4B-00C04F79EFBC}") = "DefiArduinoEmulator_WebApp", "DefiArduinoEmulator_WebApp\DefiArduinoEmulator_WebApp.csproj", "{51A1E9A7-7778-4BF6-B9FD-5826FD4AAAAE}"
EndProject
Global
	GlobalSection(SolutionConfigurationPlatforms) = preSolution
		Debug|Any CPU = Debug|Any CPU
		Debug|x64 = Debug|x64
		Debug|x86 = Debug|x86
		Release|Any CPU = Release|Any CPU
		Release|x64 = Release|x64
		Release|x86 = Release|x86
	EndGlobalSection
	GlobalSection(SolutionProperties) = preSolution
		HideSolutionNode = FALSE
	EndGlobalSection
	GlobalSection(ProjectConfigurationPlatforms) = postSolution
		{E9130ADA-88B8-433F-A9E6-80876CA9FE2C}.Debug|Any CPU.ActiveCfg = Debug|Any CPU
		{E9130ADA-88B8-433F-A9E6-80876CA9FE2C}.Debug|Any CPU.Build.0 = Debug|Any CPU
		{E9130ADA-88B8-433F-A9E6-80876CA9FE2C}.Debug|x64.ActiveCfg = Debug|Any CPU
		{E9130ADA-88B8-433F-A9E6-80876CA9FE2C}.Debug|x64.Build.0 = Debug|Any CPU
		{E9130ADA-88B8-433F-A9E6-80876CA9FE2C}.Debug|x86.ActiveCfg = Debug|Any CPU
		{E9130ADA-88B8-433F-A9E6-80876CA9FE2C}.Debug|x86.Build.0 = Debug|Any CPU
		{E9130ADA-88B8-433F-A9E6-80876CA9FE2C}.Release|Any CPU.ActiveCfg = Release|Any CPU
		{E9130ADA-88B8-433F-A9E6-80876CA9FE2C}.Release|Any CPU.Build.0 = Release|Any CPU
		{E9130ADA-88B8-433F-A9E6-80876CA9FE2C}.Release|x64.ActiveCfg = Release|Any CPU
		{E9130ADA-88B8-433F-A9E6-80876CA9FE2C}.Release|x64.Build.0 = Release|Any CPU
		{E9130ADA-88B8-433F-A9E6-80876CA9FE2C}.Release|x86.ActiveCfg = Release|Any CPU
		{E9130ADA-88B8-433F-A9E6-80876CA9FE2C}.Release|x86.Build.0 = Release|Any CPU
		{51A1E9A7-7778-4BF6-B9FD-5826FD4AAAAE}.Debug|Any CPU.ActiveCfg = Debug|Any CPU
		{51A1E9A7-7778-4BF6-B9FD-5826FD4AAAAE}.Debug|Any CPU.Build.0 = Debug|Any CPU
		{51A1E9A7-7778-4BF6-B9FD-5826FD4AAAAE}.Debug|x64.ActiveCfg = Debug|Any CPU
		{51A1E9A7-7778-4BF6-B9FD-5826FD4AAAAE}.Debug|x64.Build.0 = Debug|Any CPU
		{51A1E9A7-7778-4BF6-B9FD-5826FD4AAAAE}.Debug|x86.ActiveCfg = Debug|Any CPU
		{51A1E9A7-7778-4BF6-B9FD-5826FD4AAAAE}.Debug|x86.Build.0 = Debug|Any CPU
		{51A1E9A7-7778-4BF6-B9FD-5826FD4AAAAE}.Release|Any CPU.ActiveCfg = Release|Any CPU
		{51A1E9A7-7778-4BF6-B9FD-5826FD4AAAAE}.Release|Any CPU.Build.0 = Release|Any CPU
		{51A1E9A7-7778-4BF6-B9FD-5826FD4AAAAE}.Release|x64.ActiveCfg = Release|Any CPU
		{51A1E9A7-7778-4BF6-B9FD-5826FD4AAAAE}.Release|x64.Build.0 = Release|Any CPU
		{51A1E9A7-7778-4BF6-B9FD-5826FD4AAAAE}.Release|x86.ActiveCfg = Release|Any CPU
		{51A1E9A7-7778-4BF6-B9FD-5826FD4AAAAE}.Release|x86.Build.0 = Release|Any CPU
	EndGlobalSection
EndGlobal
